# THIS IS AN AUTOGENERATED FILE. DO NOT EDIT THIS FILE DIRECTLY.
# yarn lockfile v1


"@openzeppelin/contracts@4.4.2":
  version "4.4.2"
  resolved "https://registry.yarnpkg.com/@openzeppelin/contracts/-/contracts-4.4.2.tgz#4e889c9c66e736f7de189a53f8ba5b8d789425c2"
  integrity sha512-NyJV7sJgoGYqbtNUWgzzOGW4T6rR19FmX1IJgXGdapGPWsuMelGJn9h03nos0iqfforCbCB0iYIR0MtIuIFLLw==

"@uniswap/core-next@https://github.com/Uniswap/v4-core.git":
  version "1.0.0"
  resolved "https://github.com/Uniswap/v4-core.git#30d6c5f75d5b607afc0f3bdf87d31cc7288e02e8"
  dependencies:
    "@openzeppelin/contracts" "4.4.2"

"ERADICATE2@https://github.com/johguse/ERADICATE2.git":
  version "0.0.0"
  resolved "https://github.com/johguse/ERADICATE2.git#41b8c8e4517ebc6801f38efc2d113cd57f42f6e9"
